// !$*UTF8*$!
{
	archiveVersion = 1;
	classes = {
	};
	objectVersion = 56;
	objects = {

/* Begin PBXBuildFile section */
		520EBF9C299F32CD00996677 /* LocationSearchView.swift in Sources */ = {isa = PBXBuildFile; fileRef = 520EBF9B299F32CD00996677 /* LocationSearchView.swift */; };
		520EBFA1299F43DD00996677 /* View+Extension.swift in Sources */ = {isa = PBXBuildFile; fileRef = 520EBFA0299F43DD00996677 /* View+Extension.swift */; };
		520EBFA3299F468E00996677 /* LocationSearchResultCell.swift in Sources */ = {isa = PBXBuildFile; fileRef = 520EBFA2299F468E00996677 /* LocationSearchResultCell.swift */; };
		520EBFA529A06A4E00996677 /* LocationSearchViewModel.swift in Sources */ = {isa = PBXBuildFile; fileRef = 520EBFA429A06A4E00996677 /* LocationSearchViewModel.swift */; };
		52417EB6299F1ED5007685DB /* UberSwiftUIApp.swift in Sources */ = {isa = PBXBuildFile; fileRef = 52417EB5299F1ED5007685DB /* UberSwiftUIApp.swift */; };
		52417EBA299F1ED6007685DB /* Assets.xcassets in Resources */ = {isa = PBXBuildFile; fileRef = 52417EB9299F1ED6007685DB /* Assets.xcassets */; };
		52417EBD299F1ED6007685DB /* Preview Assets.xcassets in Resources */ = {isa = PBXBuildFile; fileRef = 52417EBC299F1ED6007685DB /* Preview Assets.xcassets */; };
		52417ECC299F1F9C007685DB /* HomeView.swift in Sources */ = {isa = PBXBuildFile; fileRef = 52417ECB299F1F9C007685DB /* HomeView.swift */; };
		52417ECE299F1FE6007685DB /* UberMapViewRepresentable.swift in Sources */ = {isa = PBXBuildFile; fileRef = 52417ECD299F1FE6007685DB /* UberMapViewRepresentable.swift */; };
		52417ED0299F215B007685DB /* LocationManager.swift in Sources */ = {isa = PBXBuildFile; fileRef = 52417ECF299F215B007685DB /* LocationManager.swift */; };
		5262AF9329A27CA500745715 /* RideRequestView.swift in Sources */ = {isa = PBXBuildFile; fileRef = 5262AF9229A27CA500745715 /* RideRequestView.swift */; };
		5262AF9529A2A75200745715 /* UberCardView.swift in Sources */ = {isa = PBXBuildFile; fileRef = 5262AF9429A2A75200745715 /* UberCardView.swift */; };
		52B8C73929A189640069D0EE /* MapState.swift in Sources */ = {isa = PBXBuildFile; fileRef = 52B8C73829A189640069D0EE /* MapState.swift */; };
		52FF40E2299F27B4009B2F8B /* LocationSearchActivationView.swift in Sources */ = {isa = PBXBuildFile; fileRef = 52FF40E1299F27B4009B2F8B /* LocationSearchActivationView.swift */; };
		52FF40E4299F2DC8009B2F8B /* MapViewActionButton.swift in Sources */ = {isa = PBXBuildFile; fileRef = 52FF40E3299F2DC8009B2F8B /* MapViewActionButton.swift */; };
/* End PBXBuildFile section */

/* Begin PBXFileReference section */
		520EBF9B299F32CD00996677 /* LocationSearchView.swift */ = {isa = PBXFileReference; lastKnownFileType = sourcecode.swift; path = LocationSearchView.swift; sourceTree = "<group>"; };
		520EBFA0299F43DD00996677 /* View+Extension.swift */ = {isa = PBXFileReference; lastKnownFileType = sourcecode.swift; path = "View+Extension.swift"; sourceTree = "<group>"; };
		520EBFA2299F468E00996677 /* LocationSearchResultCell.swift */ = {isa = PBXFileReference; lastKnownFileType = sourcecode.swift; path = LocationSearchResultCell.swift; sourceTree = "<group>"; };
		520EBFA429A06A4E00996677 /* LocationSearchViewModel.swift */ = {isa = PBXFileReference; lastKnownFileType = sourcecode.swift; path = LocationSearchViewModel.swift; sourceTree = "<group>"; };
		52417EB2299F1ED5007685DB /* UberSwiftUI.app */ = {isa = PBXFileReference; explicitFileType = wrapper.application; includeInIndex = 0; path = UberSwiftUI.app; sourceTree = BUILT_PRODUCTS_DIR; };
		52417EB5299F1ED5007685DB /* UberSwiftUIApp.swift */ = {isa = PBXFileReference; lastKnownFileType = sourcecode.swift; path = UberSwiftUIApp.swift; sourceTree = "<group>"; };
		52417EB9299F1ED6007685DB /* Assets.xcassets */ = {isa = PBXFileReference; lastKnownFileType = folder.assetcatalog; path = Assets.xcassets; sourceTree = "<group>"; };
		52417EBC299F1ED6007685DB /* Preview Assets.xcassets */ = {isa = PBXFileReference; lastKnownFileType = folder.assetcatalog; path = "Preview Assets.xcassets"; sourceTree = "<group>"; };
		52417ECB299F1F9C007685DB /* HomeView.swift */ = {isa = PBXFileReference; lastKnownFileType = sourcecode.swift; path = HomeView.swift; sourceTree = "<group>"; };
		52417ECD299F1FE6007685DB /* UberMapViewRepresentable.swift */ = {isa = PBXFileReference; lastKnownFileType = sourcecode.swift; path = UberMapViewRepresentable.swift; sourceTree = "<group>"; };
		52417ECF299F215B007685DB /* LocationManager.swift */ = {isa = PBXFileReference; lastKnownFileType = sourcecode.swift; path = LocationManager.swift; sourceTree = "<group>"; };
		5262AF9229A27CA500745715 /* RideRequestView.swift */ = {isa = PBXFileReference; lastKnownFileType = sourcecode.swift; path = RideRequestView.swift; sourceTree = "<group>"; };
		5262AF9429A2A75200745715 /* UberCardView.swift */ = {isa = PBXFileReference; lastKnownFileType = sourcecode.swift; path = UberCardView.swift; sourceTree = "<group>"; };
		52B8C73829A189640069D0EE /* MapState.swift */ = {isa = PBXFileReference; lastKnownFileType = sourcecode.swift; path = MapState.swift; sourceTree = "<group>"; };
		52FF40E1299F27B4009B2F8B /* LocationSearchActivationView.swift */ = {isa = PBXFileReference; lastKnownFileType = sourcecode.swift; path = LocationSearchActivationView.swift; sourceTree = "<group>"; };
		52FF40E3299F2DC8009B2F8B /* MapViewActionButton.swift */ = {isa = PBXFileReference; lastKnownFileType = sourcecode.swift; path = MapViewActionButton.swift; sourceTree = "<group>"; };
/* End PBXFileReference section */

/* Begin PBXFrameworksBuildPhase section */
		52417EAF299F1ED5007685DB /* Frameworks */ = {
			isa = PBXFrameworksBuildPhase;
			buildActionMask = 2147483647;
			files = (
			);
			runOnlyForDeploymentPostprocessing = 0;
		};
/* End PBXFrameworksBuildPhase section */

/* Begin PBXGroup section */
		52417EA9299F1ED5007685DB = {
			isa = PBXGroup;
			children = (
				52417EB4299F1ED5007685DB /* UberSwiftUI */,
				52417EB9299F1ED6007685DB /* Assets.xcassets */,
				52417EB3299F1ED5007685DB /* Products */,
			);
			sourceTree = "<group>";
		};
		52417EB3299F1ED5007685DB /* Products */ = {
			isa = PBXGroup;
			children = (
				52417EB2299F1ED5007685DB /* UberSwiftUI.app */,
			);
			name = Products;
			sourceTree = "<group>";
		};
		52417EB4299F1ED5007685DB /* UberSwiftUI */ = {
			isa = PBXGroup;
			children = (
				52417EC7299F1F61007685DB /* App */,
				52417EC6299F1F5E007685DB /* Core */,
				52417EC5299F1F5D007685DB /* Extensions */,
				52417EC4299F1F5B007685DB /* Managers */,
				52417EC3299F1F58007685DB /* Models */,
				52417EBB299F1ED6007685DB /* Preview Content */,
			);
			path = UberSwiftUI;
			sourceTree = "<group>";
		};
		52417EBB299F1ED6007685DB /* Preview Content */ = {
			isa = PBXGroup;
			children = (
				52417EBC299F1ED6007685DB /* Preview Assets.xcassets */,
			);
			path = "Preview Content";
			sourceTree = "<group>";
		};
		52417EC3299F1F58007685DB /* Models */ = {
			isa = PBXGroup;
			children = (
				52B8C73829A189640069D0EE /* MapState.swift */,
			);
			path = Models;
			sourceTree = "<group>";
		};
		52417EC4299F1F5B007685DB /* Managers */ = {
			isa = PBXGroup;
			children = (
				52417ECF299F215B007685DB /* LocationManager.swift */,
			);
			path = Managers;
			sourceTree = "<group>";
		};
		52417EC5299F1F5D007685DB /* Extensions */ = {
			isa = PBXGroup;
			children = (
				520EBFA0299F43DD00996677 /* View+Extension.swift */,
			);
			path = Extensions;
			sourceTree = "<group>";
		};
		52417EC6299F1F5E007685DB /* Core */ = {
			isa = PBXGroup;
			children = (
				52FF40DB299F2737009B2F8B /* Home */,
				52FF40DC299F276A009B2F8B /* LocationSearch */,
				5262AF9129A27C8700745715 /* Trips */,
			);
			path = Core;
			sourceTree = "<group>";
		};
		52417EC7299F1F61007685DB /* App */ = {
			isa = PBXGroup;
			children = (
				52417EB5299F1ED5007685DB /* UberSwiftUIApp.swift */,
			);
			path = App;
			sourceTree = "<group>";
		};
		52417EC8299F1F7E007685DB /* ViewModel */ = {
			isa = PBXGroup;
			children = (
			);
			path = ViewModel;
			sourceTree = "<group>";
		};
		52417EC9299F1F87007685DB /* View */ = {
			isa = PBXGroup;
			children = (
				52417ECB299F1F9C007685DB /* HomeView.swift */,
				52417ECD299F1FE6007685DB /* UberMapViewRepresentable.swift */,
				52FF40E3299F2DC8009B2F8B /* MapViewActionButton.swift */,
			);
			path = View;
			sourceTree = "<group>";
		};
		5262AF9129A27C8700745715 /* Trips */ = {
			isa = PBXGroup;
			children = (
				5262AF9229A27CA500745715 /* RideRequestView.swift */,
				5262AF9429A2A75200745715 /* UberCardView.swift */,
			);
			path = Trips;
			sourceTree = "<group>";
		};
		52FF40DB299F2737009B2F8B /* Home */ = {
			isa = PBXGroup;
			children = (
				52417EC9299F1F87007685DB /* View */,
				52417EC8299F1F7E007685DB /* ViewModel */,
			);
			path = Home;
			sourceTree = "<group>";
		};
		52FF40DC299F276A009B2F8B /* LocationSearch */ = {
			isa = PBXGroup;
			children = (
				52FF40DD299F2779009B2F8B /* View */,
				52FF40DE299F277D009B2F8B /* ViewModel */,
			);
			path = LocationSearch;
			sourceTree = "<group>";
		};
		52FF40DD299F2779009B2F8B /* View */ = {
			isa = PBXGroup;
			children = (
				520EBF9B299F32CD00996677 /* LocationSearchView.swift */,
				52FF40E1299F27B4009B2F8B /* LocationSearchActivationView.swift */,
				520EBFA2299F468E00996677 /* LocationSearchResultCell.swift */,
			);
			path = View;
			sourceTree = "<group>";
		};
		52FF40DE299F277D009B2F8B /* ViewModel */ = {
			isa = PBXGroup;
			children = (
				520EBFA429A06A4E00996677 /* LocationSearchViewModel.swift */,
			);
			path = ViewModel;
			sourceTree = "<group>";
		};
/* End PBXGroup section */

/* Begin PBXNativeTarget section */
		52417EB1299F1ED5007685DB /* UberSwiftUI */ = {
			isa = PBXNativeTarget;
			buildConfigurationList = 52417EC0299F1ED6007685DB /* Build configuration list for PBXNativeTarget "UberSwiftUI" */;
			buildPhases = (
				52417EAE299F1ED5007685DB /* Sources */,
				52417EAF299F1ED5007685DB /* Frameworks */,
				52417EB0299F1ED5007685DB /* Resources */,
			);
			buildRules = (
			);
			dependencies = (
			);
			name = UberSwiftUI;
			productName = UberSwiftUI;
			productReference = 52417EB2299F1ED5007685DB /* UberSwiftUI.app */;
			productType = "com.apple.product-type.application";
		};
/* End PBXNativeTarget section */

/* Begin PBXProject section */
		52417EAA299F1ED5007685DB /* Project object */ = {
			isa = PBXProject;
			attributes = {
				BuildIndependentTargetsInParallel = 1;
				LastSwiftUpdateCheck = 1420;
				LastUpgradeCheck = 1420;
				TargetAttributes = {
					52417EB1299F1ED5007685DB = {
						CreatedOnToolsVersion = 14.2;
					};
				};
			};
			buildConfigurationList = 52417EAD299F1ED5007685DB /* Build configuration list for PBXProject "UberSwiftUI" */;
			compatibilityVersion = "Xcode 14.0";
			developmentRegion = en;
			hasScannedForEncodings = 0;
			knownRegions = (
				en,
				Base,
			);
			mainGroup = 52417EA9299F1ED5007685DB;
			productRefGroup = 52417EB3299F1ED5007685DB /* Products */;
			projectDirPath = "";
			projectRoot = "";
			targets = (
				52417EB1299F1ED5007685DB /* UberSwiftUI */,
			);
		};
/* End PBXProject section */

/* Begin PBXResourcesBuildPhase section */
		52417EB0299F1ED5007685DB /* Resources */ = {
			isa = PBXResourcesBuildPhase;
			buildActionMask = 2147483647;
			files = (
				52417EBD299F1ED6007685DB /* Preview Assets.xcassets in Resources */,
				52417EBA299F1ED6007685DB /* Assets.xcassets in Resources */,
			);
			runOnlyForDeploymentPostprocessing = 0;
		};
/* End PBXResourcesBuildPhase section */

/* Begin PBXSourcesBuildPhase section */
		52417EAE299F1ED5007685DB /* Sources */ = {
			isa = PBXSourcesBuildPhase;
			buildActionMask = 2147483647;
			files = (
				520EBF9C299F32CD00996677 /* LocationSearchView.swift in Sources */,
				52417ED0299F215B007685DB /* LocationManager.swift in Sources */,
				520EBFA1299F43DD00996677 /* View+Extension.swift in Sources */,
				520EBFA529A06A4E00996677 /* LocationSearchViewModel.swift in Sources */,
				52FF40E4299F2DC8009B2F8B /* MapViewActionButton.swift in Sources */,
				52B8C73929A189640069D0EE /* MapState.swift in Sources */,
				52417EB6299F1ED5007685DB /* UberSwiftUIApp.swift in Sources */,
				52417ECE299F1FE6007685DB /* UberMapViewRepresentable.swift in Sources */,
				5262AF9329A27CA500745715 /* RideRequestView.swift in Sources */,
				5262AF9529A2A75200745715 /* UberCardView.swift in Sources */,
				520EBFA3299F468E00996677 /* LocationSearchResultCell.swift in Sources */,
				52417ECC299F1F9C007685DB /* HomeView.swift in Sources */,
				52FF40E2299F27B4009B2F8B /* LocationSearchActivationView.swift in Sources */,
			);
			runOnlyForDeploymentPostprocessing = 0;
		};
/* End PBXSourcesBuildPhase section */

/* Begin XCBuildConfiguration section */
		52417EBE299F1ED6007685DB /* Debug */ = {
			isa = XCBuildConfiguration;
			buildSettings = {
				ALWAYS_SEARCH_USER_PATHS = NO;
				CLANG_ANALYZER_NONNULL = YES;
				CLANG_ANALYZER_NUMBER_OBJECT_CONVERSION = YES_AGGRESSIVE;
				CLANG_CXX_LANGUAGE_STANDARD = "gnu++20";
				CLANG_ENABLE_MODULES = YES;
				CLANG_ENABLE_OBJC_ARC = YES;
				CLANG_ENABLE_OBJC_WEAK = YES;
				CLANG_WARN_BLOCK_CAPTURE_AUTORELEASING = YES;
				CLANG_WARN_BOOL_CONVERSION = YES;
				CLANG_WARN_COMMA = YES;
				CLANG_WARN_CONSTANT_CONVERSION = YES;
				CLANG_WARN_DEPRECATED_OBJC_IMPLEMENTATIONS = YES;
				CLANG_WARN_DIRECT_OBJC_ISA_USAGE = YES_ERROR;
				CLANG_WARN_DOCUMENTATION_COMMENTS = YES;
				CLANG_WARN_EMPTY_BODY = YES;
				CLANG_WARN_ENUM_CONVERSION = YES;
				CLANG_WARN_INFINITE_RECURSION = YES;
				CLANG_WARN_INT_CONVERSION = YES;
				CLANG_WARN_NON_LITERAL_NULL_CONVERSION = YES;
				CLANG_WARN_OBJC_IMPLICIT_RETAIN_SELF = YES;
				CLANG_WARN_OBJC_LITERAL_CONVERSION = YES;
				CLANG_WARN_OBJC_ROOT_CLASS = YES_ERROR;
				CLANG_WARN_QUOTED_INCLUDE_IN_FRAMEWORK_HEADER = YES;
				CLANG_WARN_RANGE_LOOP_ANALYSIS = YES;
				CLANG_WARN_STRICT_PROTOTYPES = YES;
				CLANG_WARN_SUSPICIOUS_MOVE = YES;
				CLANG_WARN_UNGUARDED_AVAILABILITY = YES_AGGRESSIVE;
				CLANG_WARN_UNREACHABLE_CODE = YES;
				CLANG_WARN__DUPLICATE_METHOD_MATCH = YES;
				COPY_PHASE_STRIP = NO;
				DEBUG_INFORMATION_FORMAT = dwarf;
				ENABLE_STRICT_OBJC_MSGSEND = YES;
				ENABLE_TESTABILITY = YES;
				GCC_C_LANGUAGE_STANDARD = gnu11;
				GCC_DYNAMIC_NO_PIC = NO;
				GCC_NO_COMMON_BLOCKS = YES;
				GCC_OPTIMIZATION_LEVEL = 0;
				GCC_PREPROCESSOR_DEFINITIONS = (
					"DEBUG=1",
					"$(inherited)",
				);
				GCC_WARN_64_TO_32_BIT_CONVERSION = YES;
				GCC_WARN_ABOUT_RETURN_TYPE = YES_ERROR;
				GCC_WARN_UNDECLARED_SELECTOR = YES;
				GCC_WARN_UNINITIALIZED_AUTOS = YES_AGGRESSIVE;
				GCC_WARN_UNUSED_FUNCTION = YES;
				GCC_WARN_UNUSED_VARIABLE = YES;
				IPHONEOS_DEPLOYMENT_TARGET = 16.2;
				MTL_ENABLE_DEBUG_INFO = INCLUDE_SOURCE;
				MTL_FAST_MATH = YES;
				ONLY_ACTIVE_ARCH = YES;
				SDKROOT = iphoneos;
				SWIFT_ACTIVE_COMPILATION_CONDITIONS = DEBUG;
				SWIFT_OPTIMIZATION_LEVEL = "-Onone";
			};
			name = Debug;
		};
		52417EBF299F1ED6007685DB /* Release */ = {
			isa = XCBuildConfiguration;
			buildSettings = {
				ALWAYS_SEARCH_USER_PATHS = NO;
				CLANG_ANALYZER_NONNULL = YES;
				CLANG_ANALYZER_NUMBER_OBJECT_CONVERSION = YES_AGGRESSIVE;
				CLANG_CXX_LANGUAGE_STANDARD = "gnu++20";
				CLANG_ENABLE_MODULES = YES;
				CLANG_ENABLE_OBJC_ARC = YES;
				CLANG_ENABLE_OBJC_WEAK = YES;
				CLANG_WARN_BLOCK_CAPTURE_AUTORELEASING = YES;
				CLANG_WARN_BOOL_CONVERSION = YES;
				CLANG_WARN_COMMA = YES;
				CLANG_WARN_CONSTANT_CONVERSION = YES;
				CLANG_WARN_DEPRECATED_OBJC_IMPLEMENTATIONS = YES;
				CLANG_WARN_DIRECT_OBJC_ISA_USAGE = YES_ERROR;
				CLANG_WARN_DOCUMENTATION_COMMENTS = YES;
				CLANG_WARN_EMPTY_BODY = YES;
				CLANG_WARN_ENUM_CONVERSION = YES;
				CLANG_WARN_INFINITE_RECURSION = YES;
				CLANG_WARN_INT_CONVERSION = YES;
				CLANG_WARN_NON_LITERAL_NULL_CONVERSION = YES;
				CLANG_WARN_OBJC_IMPLICIT_RETAIN_SELF = YES;
				CLANG_WARN_OBJC_LITERAL_CONVERSION = YES;
				CLANG_WARN_OBJC_ROOT_CLASS = YES_ERROR;
				CLANG_WARN_QUOTED_INCLUDE_IN_FRAMEWORK_HEADER = YES;
				CLANG_WARN_RANGE_LOOP_ANALYSIS = YES;
				CLANG_WARN_STRICT_PROTOTYPES = YES;
				CLANG_WARN_SUSPICIOUS_MOVE = YES;
				CLANG_WARN_UNGUARDED_AVAILABILITY = YES_AGGRESSIVE;
				CLANG_WARN_UNREACHABLE_CODE = YES;
				CLANG_WARN__DUPLICATE_METHOD_MATCH = YES;
				COPY_PHASE_STRIP = NO;
				DEBUG_INFORMATION_FORMAT = "dwarf-with-dsym";
				ENABLE_NS_ASSERTIONS = NO;
				ENABLE_STRICT_OBJC_MSGSEND = YES;
				GCC_C_LANGUAGE_STANDARD = gnu11;
				GCC_NO_COMMON_BLOCKS = YES;
				GCC_WARN_64_TO_32_BIT_CONVERSION = YES;
				GCC_WARN_ABOUT_RETURN_TYPE = YES_ERROR;
				GCC_WARN_UNDECLARED_SELECTOR = YES;
				GCC_WARN_UNINITIALIZED_AUTOS = YES_AGGRESSIVE;
				GCC_WARN_UNUSED_FUNCTION = YES;
				GCC_WARN_UNUSED_VARIABLE = YES;
				IPHONEOS_DEPLOYMENT_TARGET = 16.2;
				MTL_ENABLE_DEBUG_INFO = NO;
				MTL_FAST_MATH = YES;
				SDKROOT = iphoneos;
				SWIFT_COMPILATION_MODE = wholemodule;
				SWIFT_OPTIMIZATION_LEVEL = "-O";
				VALIDATE_PRODUCT = YES;
			};
			name = Release;
		};
		52417EC1299F1ED6007685DB /* Debug */ = {
			isa = XCBuildConfiguration;
			buildSettings = {
				ASSETCATALOG_COMPILER_APPICON_NAME = AppIcon;
				ASSETCATALOG_COMPILER_GLOBAL_ACCENT_COLOR_NAME = AccentColor;
				CODE_SIGN_STYLE = Automatic;
				CURRENT_PROJECT_VERSION = 1;
				DEVELOPMENT_ASSET_PATHS = "\"UberSwiftUI/Preview Content\"";
				DEVELOPMENT_TEAM = QZ46JW4C9U;
				ENABLE_PREVIEWS = YES;
				GENERATE_INFOPLIST_FILE = YES;
				INFOPLIST_KEY_NSLocationWhenInUseUsageDescription = "We use your location to find you nearby drivers and rides.";
				INFOPLIST_KEY_UIApplicationSceneManifest_Generation = YES;
				INFOPLIST_KEY_UIApplicationSupportsIndirectInputEvents = YES;
				INFOPLIST_KEY_UILaunchScreen_Generation = YES;
				INFOPLIST_KEY_UISupportedInterfaceOrientations_iPad = "UIInterfaceOrientationPortrait UIInterfaceOrientationPortraitUpsideDown UIInterfaceOrientationLandscapeLeft UIInterfaceOrientationLandscapeRight";
				INFOPLIST_KEY_UISupportedInterfaceOrientations_iPhone = "UIInterfaceOrientationPortrait UIInterfaceOrientationLandscapeLeft UIInterfaceOrientationLandscapeRight";
				LD_RUNPATH_SEARCH_PATHS = (
					"$(inherited)",
					"@executable_path/Frameworks",
				);
				MARKETING_VERSION = 1.0;
				PRODUCT_BUNDLE_IDENTIFIER = com.mcantop.UberSwiftUI;
				PRODUCT_NAME = "$(TARGET_NAME)";
				SWIFT_EMIT_LOC_STRINGS = YES;
				SWIFT_VERSION = 5.0;
				TARGETED_DEVICE_FAMILY = "1,2";
			};
			name = Debug;
		};
		52417EC2299F1ED6007685DB /* Release */ = {
			isa = XCBuildConfiguration;
			buildSettings = {
				ASSETCATALOG_COMPILER_APPICON_NAME = AppIcon;
				ASSETCATALOG_COMPILER_GLOBAL_ACCENT_COLOR_NAME = AccentColor;
				CODE_SIGN_STYLE = Automatic;
				CURRENT_PROJECT_VERSION = 1;
				DEVELOPMENT_ASSET_PATHS = "\"UberSwiftUI/Preview Content\"";
				DEVELOPMENT_TEAM = QZ46JW4C9U;
				ENABLE_PREVIEWS = YES;
				GENERATE_INFOPLIST_FILE = YES;
				INFOPLIST_KEY_NSLocationWhenInUseUsageDescription = "We use your location to find you nearby drivers and rides.";
				INFOPLIST_KEY_UIApplicationSceneManifest_Generation = YES;
				INFOPLIST_KEY_UIApplicationSupportsIndirectInputEvents = YES;
				INFOPLIST_KEY_UILaunchScreen_Generation = YES;
				INFOPLIST_KEY_UISupportedInterfaceOrientations_iPad = "UIInterfaceOrientationPortrait UIInterfaceOrientationPortraitUpsideDown UIInterfaceOrientationLandscapeLeft UIInterfaceOrientationLandscapeRight";
				INFOPLIST_KEY_UISupportedInterfaceOrientations_iPhone = "UIInterfaceOrientationPortrait UIInterfaceOrientationLandscapeLeft UIInterfaceOrientationLandscapeRight";
				LD_RUNPATH_SEARCH_PATHS = (
					"$(inherited)",
					"@executable_path/Frameworks",
				);
				MARKETING_VERSION = 1.0;
				PRODUCT_BUNDLE_IDENTIFIER = com.mcantop.UberSwiftUI;
				PRODUCT_NAME = "$(TARGET_NAME)";
				SWIFT_EMIT_LOC_STRINGS = YES;
				SWIFT_VERSION = 5.0;
				TARGETED_DEVICE_FAMILY = "1,2";
			};
			name = Release;
		};
/* End XCBuildConfiguration section */

/* Begin XCConfigurationList section */
		52417EAD299F1ED5007685DB /* Build configuration list for PBXProject "UberSwiftUI" */ = {
			isa = XCConfigurationList;
			buildConfigurations = (
				52417EBE299F1ED6007685DB /* Debug */,
				52417EBF299F1ED6007685DB /* Release */,
			);
			defaultConfigurationIsVisible = 0;
			defaultConfigurationName = Release;
		};
		52417EC0299F1ED6007685DB /* Build configuration list for PBXNativeTarget "UberSwiftUI" */ = {
			isa = XCConfigurationList;
			buildConfigurations = (
				52417EC1299F1ED6007685DB /* Debug */,
				52417EC2299F1ED6007685DB /* Release */,
			);
			defaultConfigurationIsVisible = 0;
			defaultConfigurationName = Release;
		};
/* End XCConfigurationList section */
	};
	rootObject = 52417EAA299F1ED5007685DB /* Project object */;
}
